<Solution>
  <Project Path="PersonalizedInvention.API/PersonalizedInvention.API.csproj" />
  <Project Path="PersonalizedInvention.Application/PersonalizedInvention.Application.csproj" />
  <Project Path="PersonalizedInvention.Domain/PersonalizedInvention.Domain.csproj" />
  <Project Path="PersonalizedInvention.Infrastructure/PersonalizedInvention.Infrastructure.csproj" />
</Solution>
